
Microsoft Visual Studio Solution File, Format Version 12.00
# Visual Studio 14
VisualStudioVersion = 14.0.25420.1
MinimumVisualStudioVersion = 10.0.40219.1
Project("{159641D6-6404-4A2A-AE62-294DE0FE8301}") = "J28919_ETL_ASG", "J28919_ETL_ASG\J28919_ETL_ASG.dtproj", "{DD59368A-96D0-4FF1-8394-361CB1A4CFEA}"
EndProject
Global
	GlobalSection(SolutionConfigurationPlatforms) = preSolution
		Development|Default = Development|Default
	EndGlobalSection
	GlobalSection(ProjectConfigurationPlatforms) = postSolution
		{DD59368A-96D0-4FF1-8394-361CB1A4CFEA}.Development|Default.ActiveCfg = Development
		{DD59368A-96D0-4FF1-8394-361CB1A4CFEA}.Development|Default.Build.0 = Development
	EndGlobalSection
	GlobalSection(SolutionProperties) = preSolution
		HideSolutionNode = FALSE
	EndGlobalSection
EndGlobal
